
Microsoft Visual Studio Solution File, Format Version 12.00
# Visual Studio 15
VisualStudioVersion = 15.0.28307.271
MinimumVisualStudioVersion = 10.0.40219.1
Project("{FAE04EC0-301F-11D3-BF4B-00C04F79EFBC}") = "UseEvents", "UseEvents\UseEvents.csproj", "{6564FA52-47E6-4A4D-94E0-76ABEFA239FA}"
EndProject
Project("{2150E333-8FDC-42A3-9474-1A3956D46DE8}") = "Solution Items", "Solution Items", "{C15AFF2F-E8F1-4BF4-A52D-3C98B2712C64}"
	ProjectSection(SolutionItems) = preProject
		README.md = README.md
	EndProjectSection
EndProject
Global
	GlobalSection(SolutionConfigurationPlatforms) = preSolution
		Debug|Any CPU = Debug|Any CPU
		Release|Any CPU = Release|Any CPU
	EndGlobalSection
	GlobalSection(ProjectConfigurationPlatforms) = postSolution
		{6564FA52-47E6-4A4D-94E0-76ABEFA239FA}.Debug|Any CPU.ActiveCfg = Debug|Any CPU
		{6564FA52-47E6-4A4D-94E0-76ABEFA239FA}.Debug|Any CPU.Build.0 = Debug|Any CPU
		{6564FA52-47E6-4A4D-94E0-76ABEFA239FA}.Release|Any CPU.ActiveCfg = Release|Any CPU
		{6564FA52-47E6-4A4D-94E0-76ABEFA239FA}.Release|Any CPU.Build.0 = Release|Any CPU
	EndGlobalSection
	GlobalSection(SolutionProperties) = preSolution
		HideSolutionNode = FALSE
	EndGlobalSection
	GlobalSection(ExtensibilityGlobals) = postSolution
		SolutionGuid = {14F8B695-2A5F-4126-BBC8-7022BBAB955F}
	EndGlobalSection
EndGlobal
